
Microsoft Visual Studio Solution File, Format Version 12.00
# Visual Studio 14
VisualStudioVersion = 14.0.25420.1
MinimumVisualStudioVersion = 10.0.40219.1
Project("{FAE04EC0-301F-11D3-BF4B-00C04F79EFBC}") = "TestTask.Android", "TestTask\TestTask.Android\TestTask.Android.csproj", "{F7C1C7F1-99FD-4373-B78E-3A767D0515C5}"
EndProject
Project("{FAE04EC0-301F-11D3-BF4B-00C04F79EFBC}") = "TestTask", "TestTask\TestTask\TestTask.csproj", "{4F3D6EB4-2CA3-434A-A52C-B1A6B8C96889}"
EndProject
Project("{FAE04EC0-301F-11D3-BF4B-00C04F79EFBC}") = "TestTask.UWP", "TestTask\TestTask.UWP\TestTask.UWP.csproj", "{1910EAA0-07F6-4C40-B70C-59D457033BCA}"
EndProject
Project("{FAE04EC0-301F-11D3-BF4B-00C04F79EFBC}") = "TestTask.iOS", "TestTask\TestTask.iOS\TestTask.iOS.csproj", "{48235C50-2A1C-47C2-A37A-D245B9F93A61}"
EndProject
Project("{2150E333-8FDC-42A3-9474-1A3956D46DE8}") = "Solution Items", "Solution Items", "{98D25F53-2513-48E1-8639-22720D9BA409}"
	ProjectSection(SolutionItems) = preProject
		README.md = README.md
	EndProjectSection
EndProject
Global
	GlobalSection(SolutionConfigurationPlatforms) = preSolution
		Ad-Hoc|Any CPU = Ad-Hoc|Any CPU
		Ad-Hoc|ARM = Ad-Hoc|ARM
		Ad-Hoc|iPhone = Ad-Hoc|iPhone
		Ad-Hoc|iPhoneSimulator = Ad-Hoc|iPhoneSimulator
		Ad-Hoc|x64 = Ad-Hoc|x64
		Ad-Hoc|x86 = Ad-Hoc|x86
		AppStore|Any CPU = AppStore|Any CPU
		AppStore|ARM = AppStore|ARM
		AppStore|iPhone = AppStore|iPhone
		AppStore|iPhoneSimulator = AppStore|iPhoneSimulator
		AppStore|x64 = AppStore|x64
		AppStore|x86 = AppStore|x86
		Debug|Any CPU = Debug|Any CPU
		Debug|ARM = Debug|ARM
		Debug|iPhone = Debug|iPhone
		Debug|iPhoneSimulator = Debug|iPhoneSimulator
		Debug|x64 = Debug|x64
		Debug|x86 = Debug|x86
		Release|Any CPU = Release|Any CPU
		Release|ARM = Release|ARM
		Release|iPhone = Release|iPhone
		Release|iPhoneSimulator = Release|iPhoneSimulator
		Release|x64 = Release|x64
		Release|x86 = Release|x86
	EndGlobalSection
	GlobalSection(ProjectConfigurationPlatforms) = postSolution
		{F7C1C7F1-99FD-4373-B78E-3A767D0515C5}.Ad-Hoc|Any CPU.ActiveCfg = Release|Any CPU
		{F7C1C7F1-99FD-4373-B78E-3A767D0515C5}.Ad-Hoc|Any CPU.Build.0 = Release|Any CPU
		{F7C1C7F1-99FD-4373-B78E-3A767D0515C5}.Ad-Hoc|Any CPU.Deploy.0 = Release|Any CPU
		{F7C1C7F1-99FD-4373-B78E-3A767D0515C5}.Ad-Hoc|ARM.ActiveCfg = Release|Any CPU
		{F7C1C7F1-99FD-4373-B78E-3A767D0515C5}.Ad-Hoc|ARM.Build.0 = Release|Any CPU
		{F7C1C7F1-99FD-4373-B78E-3A767D0515C5}.Ad-Hoc|ARM.Deploy.0 = Release|Any CPU
		{F7C1C7F1-99FD-4373-B78E-3A767D0515C5}.Ad-Hoc|iPhone.ActiveCfg = Release|Any CPU
		{F7C1C7F1-99FD-4373-B78E-3A767D0515C5}.Ad-Hoc|iPhone.Build.0 = Release|Any CPU
		{F7C1C7F1-99FD-4373-B78E-3A767D0515C5}.Ad-Hoc|iPhone.Deploy.0 = Release|Any CPU
		{F7C1C7F1-99FD-4373-B78E-3A767D0515C5}.Ad-Hoc|iPhoneSimulator.ActiveCfg = Release|Any CPU
		{F7C1C7F1-99FD-4373-B78E-3A767D0515C5}.Ad-Hoc|iPhoneSimulator.Build.0 = Release|Any CPU
		{F7C1C7F1-99FD-4373-B78E-3A767D0515C5}.Ad-Hoc|iPhoneSimulator.Deploy.0 = Release|Any CPU
		{F7C1C7F1-99FD-4373-B78E-3A767D0515C5}.Ad-Hoc|x64.ActiveCfg = Release|Any CPU
		{F7C1C7F1-99FD-4373-B78E-3A767D0515C5}.Ad-Hoc|x64.Build.0 = Release|Any CPU
		{F7C1C7F1-99FD-4373-B78E-3A767D0515C5}.Ad-Hoc|x64.Deploy.0 = Release|Any CPU
		{F7C1C7F1-99FD-4373-B78E-3A767D0515C5}.Ad-Hoc|x86.ActiveCfg = Release|Any CPU
		{F7C1C7F1-99FD-4373-B78E-3A767D0515C5}.Ad-Hoc|x86.Build.0 = Release|Any CPU
		{F7C1C7F1-99FD-4373-B78E-3A767D0515C5}.Ad-Hoc|x86.Deploy.0 = Release|Any CPU
		{F7C1C7F1-99FD-4373-B78E-3A767D0515C5}.AppStore|Any CPU.ActiveCfg = Release|Any CPU
		{F7C1C7F1-99FD-4373-B78E-3A767D0515C5}.AppStore|Any CPU.Build.0 = Release|Any CPU
		{F7C1C7F1-99FD-4373-B78E-3A767D0515C5}.AppStore|Any CPU.Deploy.0 = Release|Any CPU
		{F7C1C7F1-99FD-4373-B78E-3A767D0515C5}.AppStore|ARM.ActiveCfg = Release|Any CPU
		{F7C1C7F1-99FD-4373-B78E-3A767D0515C5}.AppStore|ARM.Build.0 = Release|Any CPU
		{F7C1C7F1-99FD-4373-B78E-3A767D0515C5}.AppStore|ARM.Deploy.0 = Release|Any CPU
		{F7C1C7F1-99FD-4373-B78E-3A767D0515C5}.AppStore|iPhone.ActiveCfg = Release|Any CPU
		{F7C1C7F1-99FD-4373-B78E-3A767D0515C5}.AppStore|iPhone.Build.0 = Release|Any CPU
		{F7C1C7F1-99FD-4373-B78E-3A767D0515C5}.AppStore|iPhone.Deploy.0 = Release|Any CPU
		{F7C1C7F1-99FD-4373-B78E-3A767D0515C5}.AppStore|iPhoneSimulator.ActiveCfg = Release|Any CPU
		{F7C1C7F1-99FD-4373-B78E-3A767D0515C5}.AppStore|iPhoneSimulator.Build.0 = Release|Any CPU
		{F7C1C7F1-99FD-4373-B78E-3A767D0515C5}.AppStore|iPhoneSimulator.Deploy.0 = Release|Any CPU
		{F7C1C7F1-99FD-4373-B78E-3A767D0515C5}.AppStore|x64.ActiveCfg = Release|Any CPU
		{F7C1C7F1-99FD-4373-B78E-3A767D0515C5}.AppStore|x64.Build.0 = Release|Any CPU
		{F7C1C7F1-99FD-4373-B78E-3A767D0515C5}.AppStore|x64.Deploy.0 = Release|Any CPU
		{F7C1C7F1-99FD-4373-B78E-3A767D0515C5}.AppStore|x86.ActiveCfg = Release|Any CPU
		{F7C1C7F1-99FD-4373-B78E-3A767D0515C5}.AppStore|x86.Build.0 = Release|Any CPU
		{F7C1C7F1-99FD-4373-B78E-3A767D0515C5}.AppStore|x86.Deploy.0 = Release|Any CPU
		{F7C1C7F1-99FD-4373-B78E-3A767D0515C5}.Debug|Any CPU.ActiveCfg = Debug|Any CPU
		{F7C1C7F1-99FD-4373-B78E-3A767D0515C5}.Debug|Any CPU.Build.0 = Debug|Any CPU
		{F7C1C7F1-99FD-4373-B78E-3A767D0515C5}.Debug|Any CPU.Deploy.0 = Debug|Any CPU
		{F7C1C7F1-99FD-4373-B78E-3A767D0515C5}.Debug|ARM.ActiveCfg = Debug|Any CPU
		{F7C1C7F1-99FD-4373-B78E-3A767D0515C5}.Debug|ARM.Build.0 = Debug|Any CPU
		{F7C1C7F1-99FD-4373-B78E-3A767D0515C5}.Debug|ARM.Deploy.0 = Debug|Any CPU
		{F7C1C7F1-99FD-4373-B78E-3A767D0515C5}.Debug|iPhone.ActiveCfg = Debug|Any CPU
		{F7C1C7F1-99FD-4373-B78E-3A767D0515C5}.Debug|iPhone.Build.0 = Debug|Any CPU
		{F7C1C7F1-99FD-4373-B78E-3A767D0515C5}.Debug|iPhone.Deploy.0 = Debug|Any CPU
		{F7C1C7F1-99FD-4373-B78E-3A767D0515C5}.Debug|iPhoneSimulator.ActiveCfg = Debug|Any CPU
		{F7C1C7F1-99FD-4373-B78E-3A767D0515C5}.Debug|iPhoneSimulator.Build.0 = Debug|Any CPU
		{F7C1C7F1-99FD-4373-B78E-3A767D0515C5}.Debug|iPhoneSimulator.Deploy.0 = Debug|Any CPU
		{F7C1C7F1-99FD-4373-B78E-3A767D0515C5}.Debug|x64.ActiveCfg = Debug|Any CPU
		{F7C1C7F1-99FD-4373-B78E-3A767D0515C5}.Debug|x64.Build.0 = Debug|Any CPU
		{F7C1C7F1-99FD-4373-B78E-3A767D0515C5}.Debug|x64.Deploy.0 = Debug|Any CPU
		{F7C1C7F1-99FD-4373-B78E-3A767D0515C5}.Debug|x86.ActiveCfg = Debug|Any CPU
		{F7C1C7F1-99FD-4373-B78E-3A767D0515C5}.Debug|x86.Build.0 = Debug|Any CPU
		{F7C1C7F1-99FD-4373-B78E-3A767D0515C5}.Debug|x86.Deploy.0 = Debug|Any CPU
		{F7C1C7F1-99FD-4373-B78E-3A767D0515C5}.Release|Any CPU.ActiveCfg = Release|Any CPU
		{F7C1C7F1-99FD-4373-B78E-3A767D0515C5}.Release|Any CPU.Build.0 = Release|Any CPU
		{F7C1C7F1-99FD-4373-B78E-3A767D0515C5}.Release|Any CPU.Deploy.0 = Release|Any CPU
		{F7C1C7F1-99FD-4373-B78E-3A767D0515C5}.Release|ARM.ActiveCfg = Release|Any CPU
		{F7C1C7F1-99FD-4373-B78E-3A767D0515C5}.Release|ARM.Build.0 = Release|Any CPU
		{F7C1C7F1-99FD-4373-B78E-3A767D0515C5}.Release|ARM.Deploy.0 = Release|Any CPU
		{F7C1C7F1-99FD-4373-B78E-3A767D0515C5}.Release|iPhone.ActiveCfg = Release|Any CPU
		{F7C1C7F1-99FD-4373-B78E-3A767D0515C5}.Release|iPhone.Build.0 = Release|Any CPU
		{F7C1C7F1-99FD-4373-B78E-3A767D0515C5}.Release|iPhone.Deploy.0 = Release|Any CPU
		{F7C1C7F1-99FD-4373-B78E-3A767D0515C5}.Release|iPhoneSimulator.ActiveCfg = Release|Any CPU
		{F7C1C7F1-99FD-4373-B78E-3A767D0515C5}.Release|iPhoneSimulator.Build.0 = Release|Any CPU
		{F7C1C7F1-99FD-4373-B78E-3A767D0515C5}.Release|iPhoneSimulator.Deploy.0 = Release|Any CPU
		{F7C1C7F1-99FD-4373-B78E-3A767D0515C5}.Release|x64.ActiveCfg = Release|Any CPU
		{F7C1C7F1-99FD-4373-B78E-3A767D0515C5}.Release|x64.Build.0 = Release|Any CPU
		{F7C1C7F1-99FD-4373-B78E-3A767D0515C5}.Release|x64.Deploy.0 = Release|Any CPU
		{F7C1C7F1-99FD-4373-B78E-3A767D0515C5}.Release|x86.ActiveCfg = Release|Any CPU
		{F7C1C7F1-99FD-4373-B78E-3A767D0515C5}.Release|x86.Build.0 = Release|Any CPU
		{F7C1C7F1-99FD-4373-B78E-3A767D0515C5}.Release|x86.Deploy.0 = Release|Any CPU
		{4F3D6EB4-2CA3-434A-A52C-B1A6B8C96889}.Ad-Hoc|Any CPU.ActiveCfg = Release|Any CPU
		{4F3D6EB4-2CA3-434A-A52C-B1A6B8C96889}.Ad-Hoc|Any CPU.Build.0 = Release|Any CPU
		{4F3D6EB4-2CA3-434A-A52C-B1A6B8C96889}.Ad-Hoc|ARM.ActiveCfg = Release|Any CPU
		{4F3D6EB4-2CA3-434A-A52C-B1A6B8C96889}.Ad-Hoc|ARM.Build.0 = Release|Any CPU
		{4F3D6EB4-2CA3-434A-A52C-B1A6B8C96889}.Ad-Hoc|iPhone.ActiveCfg = Release|Any CPU
		{4F3D6EB4-2CA3-434A-A52C-B1A6B8C96889}.Ad-Hoc|iPhone.Build.0 = Release|Any CPU
		{4F3D6EB4-2CA3-434A-A52C-B1A6B8C96889}.Ad-Hoc|iPhoneSimulator.ActiveCfg = Release|Any CPU
		{4F3D6EB4-2CA3-434A-A52C-B1A6B8C96889}.Ad-Hoc|iPhoneSimulator.Build.0 = Release|Any CPU
		{4F3D6EB4-2CA3-434A-A52C-B1A6B8C96889}.Ad-Hoc|x64.ActiveCfg = Release|Any CPU
		{4F3D6EB4-2CA3-434A-A52C-B1A6B8C96889}.Ad-Hoc|x64.Build.0 = Release|Any CPU
		{4F3D6EB4-2CA3-434A-A52C-B1A6B8C96889}.Ad-Hoc|x86.ActiveCfg = Release|Any CPU
		{4F3D6EB4-2CA3-434A-A52C-B1A6B8C96889}.Ad-Hoc|x86.Build.0 = Release|Any CPU
		{4F3D6EB4-2CA3-434A-A52C-B1A6B8C96889}.AppStore|Any CPU.ActiveCfg = Release|Any CPU
		{4F3D6EB4-2CA3-434A-A52C-B1A6B8C96889}.AppStore|Any CPU.Build.0 = Release|Any CPU
		{4F3D6EB4-2CA3-434A-A52C-B1A6B8C96889}.AppStore|ARM.ActiveCfg = Release|Any CPU
		{4F3D6EB4-2CA3-434A-A52C-B1A6B8C96889}.AppStore|ARM.Build.0 = Release|Any CPU
		{4F3D6EB4-2CA3-434A-A52C-B1A6B8C96889}.AppStore|iPhone.ActiveCfg = Release|Any CPU
		{4F3D6EB4-2CA3-434A-A52C-B1A6B8C96889}.AppStore|iPhone.Build.0 = Release|Any CPU
		{4F3D6EB4-2CA3-434A-A52C-B1A6B8C96889}.AppStore|iPhoneSimulator.ActiveCfg = Release|Any CPU
		{4F3D6EB4-2CA3-434A-A52C-B1A6B8C96889}.AppStore|iPhoneSimulator.Build.0 = Release|Any CPU
		{4F3D6EB4-2CA3-434A-A52C-B1A6B8C96889}.AppStore|x64.ActiveCfg = Release|Any CPU
		{4F3D6EB4-2CA3-434A-A52C-B1A6B8C96889}.AppStore|x64.Build.0 = Release|Any CPU
		{4F3D6EB4-2CA3-434A-A52C-B1A6B8C96889}.AppStore|x86.ActiveCfg = Release|Any CPU
		{4F3D6EB4-2CA3-434A-A52C-B1A6B8C96889}.AppStore|x86.Build.0 = Release|Any CPU
		{4F3D6EB4-2CA3-434A-A52C-B1A6B8C96889}.Debug|Any CPU.ActiveCfg = Debug|Any CPU
		{4F3D6EB4-2CA3-434A-A52C-B1A6B8C96889}.Debug|Any CPU.Build.0 = Debug|Any CPU
		{4F3D6EB4-2CA3-434A-A52C-B1A6B8C96889}.Debug|ARM.ActiveCfg = Debug|Any CPU
		{4F3D6EB4-2CA3-434A-A52C-B1A6B8C96889}.Debug|ARM.Build.0 = Debug|Any CPU
		{4F3D6EB4-2CA3-434A-A52C-B1A6B8C96889}.Debug|iPhone.ActiveCfg = Debug|Any CPU
		{4F3D6EB4-2CA3-434A-A52C-B1A6B8C96889}.Debug|iPhone.Build.0 = Debug|Any CPU
		{4F3D6EB4-2CA3-434A-A52C-B1A6B8C96889}.Debug|iPhoneSimulator.ActiveCfg = Debug|Any CPU
		{4F3D6EB4-2CA3-434A-A52C-B1A6B8C96889}.Debug|iPhoneSimulator.Build.0 = Debug|Any CPU
		{4F3D6EB4-2CA3-434A-A52C-B1A6B8C96889}.Debug|x64.ActiveCfg = Debug|Any CPU
		{4F3D6EB4-2CA3-434A-A52C-B1A6B8C96889}.Debug|x64.Build.0 = Debug|Any CPU
		{4F3D6EB4-2CA3-434A-A52C-B1A6B8C96889}.Debug|x86.ActiveCfg = Debug|Any CPU
		{4F3D6EB4-2CA3-434A-A52C-B1A6B8C96889}.Debug|x86.Build.0 = Debug|Any CPU
		{4F3D6EB4-2CA3-434A-A52C-B1A6B8C96889}.Release|Any CPU.ActiveCfg = Release|Any CPU
		{4F3D6EB4-2CA3-434A-A52C-B1A6B8C96889}.Release|Any CPU.Build.0 = Release|Any CPU
		{4F3D6EB4-2CA3-434A-A52C-B1A6B8C96889}.Release|ARM.ActiveCfg = Release|Any CPU
		{4F3D6EB4-2CA3-434A-A52C-B1A6B8C96889}.Release|ARM.Build.0 = Release|Any CPU
		{4F3D6EB4-2CA3-434A-A52C-B1A6B8C96889}.Release|iPhone.ActiveCfg = Release|Any CPU
		{4F3D6EB4-2CA3-434A-A52C-B1A6B8C96889}.Release|iPhone.Build.0 = Release|Any CPU
		{4F3D6EB4-2CA3-434A-A52C-B1A6B8C96889}.Release|iPhoneSimulator.ActiveCfg = Release|Any CPU
		{4F3D6EB4-2CA3-434A-A52C-B1A6B8C96889}.Release|iPhoneSimulator.Build.0 = Release|Any CPU
		{4F3D6EB4-2CA3-434A-A52C-B1A6B8C96889}.Release|x64.ActiveCfg = Release|Any CPU
		{4F3D6EB4-2CA3-434A-A52C-B1A6B8C96889}.Release|x64.Build.0 = Release|Any CPU
		{4F3D6EB4-2CA3-434A-A52C-B1A6B8C96889}.Release|x86.ActiveCfg = Release|Any CPU
		{4F3D6EB4-2CA3-434A-A52C-B1A6B8C96889}.Release|x86.Build.0 = Release|Any CPU
		{1910EAA0-07F6-4C40-B70C-59D457033BCA}.Ad-Hoc|Any CPU.ActiveCfg = Release|x86
		{1910EAA0-07F6-4C40-B70C-59D457033BCA}.Ad-Hoc|Any CPU.Build.0 = Release|x86
		{1910EAA0-07F6-4C40-B70C-59D457033BCA}.Ad-Hoc|Any CPU.Deploy.0 = Release|x86
		{1910EAA0-07F6-4C40-B70C-59D457033BCA}.Ad-Hoc|ARM.ActiveCfg = Release|ARM
		{1910EAA0-07F6-4C40-B70C-59D457033BCA}.Ad-Hoc|ARM.Build.0 = Release|ARM
		{1910EAA0-07F6-4C40-B70C-59D457033BCA}.Ad-Hoc|ARM.Deploy.0 = Release|ARM
		{1910EAA0-07F6-4C40-B70C-59D457033BCA}.Ad-Hoc|iPhone.ActiveCfg = Release|x86
		{1910EAA0-07F6-4C40-B70C-59D457033BCA}.Ad-Hoc|iPhone.Build.0 = Release|x86
		{1910EAA0-07F6-4C40-B70C-59D457033BCA}.Ad-Hoc|iPhone.Deploy.0 = Release|x86
		{1910EAA0-07F6-4C40-B70C-59D457033BCA}.Ad-Hoc|iPhoneSimulator.ActiveCfg = Release|x86
		{1910EAA0-07F6-4C40-B70C-59D457033BCA}.Ad-Hoc|iPhoneSimulator.Build.0 = Release|x86
		{1910EAA0-07F6-4C40-B70C-59D457033BCA}.Ad-Hoc|iPhoneSimulator.Deploy.0 = Release|x86
		{1910EAA0-07F6-4C40-B70C-59D457033BCA}.Ad-Hoc|x64.ActiveCfg = Release|x64
		{1910EAA0-07F6-4C40-B70C-59D457033BCA}.Ad-Hoc|x64.Build.0 = Release|x64
		{1910EAA0-07F6-4C40-B70C-59D457033BCA}.Ad-Hoc|x64.Deploy.0 = Release|x64
		{1910EAA0-07F6-4C40-B70C-59D457033BCA}.Ad-Hoc|x86.ActiveCfg = Release|x86
		{1910EAA0-07F6-4C40-B70C-59D457033BCA}.Ad-Hoc|x86.Build.0 = Release|x86
		{1910EAA0-07F6-4C40-B70C-59D457033BCA}.Ad-Hoc|x86.Deploy.0 = Release|x86
		{1910EAA0-07F6-4C40-B70C-59D457033BCA}.AppStore|Any CPU.ActiveCfg = Release|x86
		{1910EAA0-07F6-4C40-B70C-59D457033BCA}.AppStore|Any CPU.Build.0 = Release|x86
		{1910EAA0-07F6-4C40-B70C-59D457033BCA}.AppStore|Any CPU.Deploy.0 = Release|x86
		{1910EAA0-07F6-4C40-B70C-59D457033BCA}.AppStore|ARM.ActiveCfg = Release|ARM
		{1910EAA0-07F6-4C40-B70C-59D457033BCA}.AppStore|ARM.Build.0 = Release|ARM
		{1910EAA0-07F6-4C40-B70C-59D457033BCA}.AppStore|ARM.Deploy.0 = Release|ARM
		{1910EAA0-07F6-4C40-B70C-59D457033BCA}.AppStore|iPhone.ActiveCfg = Release|x86
		{1910EAA0-07F6-4C40-B70C-59D457033BCA}.AppStore|iPhone.Build.0 = Release|x86
		{1910EAA0-07F6-4C40-B70C-59D457033BCA}.AppStore|iPhone.Deploy.0 = Release|x86
		{1910EAA0-07F6-4C40-B70C-59D457033BCA}.AppStore|iPhoneSimulator.ActiveCfg = Release|x86
		{1910EAA0-07F6-4C40-B70C-59D457033BCA}.AppStore|iPhoneSimulator.Build.0 = Release|x86
		{1910EAA0-07F6-4C40-B70C-59D457033BCA}.AppStore|iPhoneSimulator.Deploy.0 = Release|x86
		{1910EAA0-07F6-4C40-B70C-59D457033BCA}.AppStore|x64.ActiveCfg = Release|x64
		{1910EAA0-07F6-4C40-B70C-59D457033BCA}.AppStore|x64.Build.0 = Release|x64
		{1910EAA0-07F6-4C40-B70C-59D457033BCA}.AppStore|x64.Deploy.0 = Release|x64
		{1910EAA0-07F6-4C40-B70C-59D457033BCA}.AppStore|x86.ActiveCfg = Release|x86
		{1910EAA0-07F6-4C40-B70C-59D457033BCA}.AppStore|x86.Build.0 = Release|x86
		{1910EAA0-07F6-4C40-B70C-59D457033BCA}.AppStore|x86.Deploy.0 = Release|x86
		{1910EAA0-07F6-4C40-B70C-59D457033BCA}.Debug|Any CPU.ActiveCfg = Debug|x86
		{1910EAA0-07F6-4C40-B70C-59D457033BCA}.Debug|Any CPU.Build.0 = Debug|x86
		{1910EAA0-07F6-4C40-B70C-59D457033BCA}.Debug|Any CPU.Deploy.0 = Debug|x86
		{1910EAA0-07F6-4C40-B70C-59D457033BCA}.Debug|ARM.ActiveCfg = Debug|ARM
		{1910EAA0-07F6-4C40-B70C-59D457033BCA}.Debug|ARM.Build.0 = Debug|ARM
		{1910EAA0-07F6-4C40-B70C-59D457033BCA}.Debug|ARM.Deploy.0 = Debug|ARM
		{1910EAA0-07F6-4C40-B70C-59D457033BCA}.Debug|iPhone.ActiveCfg = Debug|x86
		{1910EAA0-07F6-4C40-B70C-59D457033BCA}.Debug|iPhoneSimulator.ActiveCfg = Debug|x86
		{1910EAA0-07F6-4C40-B70C-59D457033BCA}.Debug|x64.ActiveCfg = Debug|x64
		{1910EAA0-07F6-4C40-B70C-59D457033BCA}.Debug|x64.Build.0 = Debug|x64
		{1910EAA0-07F6-4C40-B70C-59D457033BCA}.Debug|x64.Deploy.0 = Debug|x64
		{1910EAA0-07F6-4C40-B70C-59D457033BCA}.Debug|x86.ActiveCfg = Debug|x86
		{1910EAA0-07F6-4C40-B70C-59D457033BCA}.Debug|x86.Build.0 = Debug|x86
		{1910EAA0-07F6-4C40-B70C-59D457033BCA}.Debug|x86.Deploy.0 = Debug|x86
		{1910EAA0-07F6-4C40-B70C-59D457033BCA}.Release|Any CPU.ActiveCfg = Release|x86
		{1910EAA0-07F6-4C40-B70C-59D457033BCA}.Release|ARM.ActiveCfg = Release|ARM
		{1910EAA0-07F6-4C40-B70C-59D457033BCA}.Release|ARM.Build.0 = Release|ARM
		{1910EAA0-07F6-4C40-B70C-59D457033BCA}.Release|ARM.Deploy.0 = Release|ARM
		{1910EAA0-07F6-4C40-B70C-59D457033BCA}.Release|iPhone.ActiveCfg = Release|x86
		{1910EAA0-07F6-4C40-B70C-59D457033BCA}.Release|iPhoneSimulator.ActiveCfg = Release|x86
		{1910EAA0-07F6-4C40-B70C-59D457033BCA}.Release|x64.ActiveCfg = Release|x64
		{1910EAA0-07F6-4C40-B70C-59D457033BCA}.Release|x64.Build.0 = Release|x64
		{1910EAA0-07F6-4C40-B70C-59D457033BCA}.Release|x64.Deploy.0 = Release|x64
		{1910EAA0-07F6-4C40-B70C-59D457033BCA}.Release|x86.ActiveCfg = Release|x86
		{1910EAA0-07F6-4C40-B70C-59D457033BCA}.Release|x86.Build.0 = Release|x86
		{1910EAA0-07F6-4C40-B70C-59D457033BCA}.Release|x86.Deploy.0 = Release|x86
		{48235C50-2A1C-47C2-A37A-D245B9F93A61}.Ad-Hoc|Any CPU.ActiveCfg = Ad-Hoc|iPhone
		{48235C50-2A1C-47C2-A37A-D245B9F93A61}.Ad-Hoc|ARM.ActiveCfg = Ad-Hoc|iPhone
		{48235C50-2A1C-47C2-A37A-D245B9F93A61}.Ad-Hoc|iPhone.ActiveCfg = Ad-Hoc|iPhone
		{48235C50-2A1C-47C2-A37A-D245B9F93A61}.Ad-Hoc|iPhone.Build.0 = Ad-Hoc|iPhone
		{48235C50-2A1C-47C2-A37A-D245B9F93A61}.Ad-Hoc|iPhoneSimulator.ActiveCfg = Ad-Hoc|iPhoneSimulator
		{48235C50-2A1C-47C2-A37A-D245B9F93A61}.Ad-Hoc|iPhoneSimulator.Build.0 = Ad-Hoc|iPhoneSimulator
		{48235C50-2A1C-47C2-A37A-D245B9F93A61}.Ad-Hoc|x64.ActiveCfg = Ad-Hoc|iPhone
		{48235C50-2A1C-47C2-A37A-D245B9F93A61}.Ad-Hoc|x86.ActiveCfg = Ad-Hoc|iPhone
		{48235C50-2A1C-47C2-A37A-D245B9F93A61}.AppStore|Any CPU.ActiveCfg = AppStore|iPhone
		{48235C50-2A1C-47C2-A37A-D245B9F93A61}.AppStore|ARM.ActiveCfg = AppStore|iPhone
		{48235C50-2A1C-47C2-A37A-D245B9F93A61}.AppStore|iPhone.ActiveCfg = AppStore|iPhone
		{48235C50-2A1C-47C2-A37A-D245B9F93A61}.AppStore|iPhone.Build.0 = AppStore|iPhone
		{48235C50-2A1C-47C2-A37A-D245B9F93A61}.AppStore|iPhoneSimulator.ActiveCfg = AppStore|iPhoneSimulator
		{48235C50-2A1C-47C2-A37A-D245B9F93A61}.AppStore|iPhoneSimulator.Build.0 = AppStore|iPhoneSimulator
		{48235C50-2A1C-47C2-A37A-D245B9F93A61}.AppStore|x64.ActiveCfg = AppStore|iPhone
		{48235C50-2A1C-47C2-A37A-D245B9F93A61}.AppStore|x86.ActiveCfg = AppStore|iPhone
		{48235C50-2A1C-47C2-A37A-D245B9F93A61}.Debug|Any CPU.ActiveCfg = Debug|iPhone
		{48235C50-2A1C-47C2-A37A-D245B9F93A61}.Debug|ARM.ActiveCfg = Debug|iPhone
		{48235C50-2A1C-47C2-A37A-D245B9F93A61}.Debug|iPhone.ActiveCfg = Debug|iPhone
		{48235C50-2A1C-47C2-A37A-D245B9F93A61}.Debug|iPhone.Build.0 = Debug|iPhone
		{48235C50-2A1C-47C2-A37A-D245B9F93A61}.Debug|iPhoneSimulator.ActiveCfg = Debug|iPhoneSimulator
		{48235C50-2A1C-47C2-A37A-D245B9F93A61}.Debug|iPhoneSimulator.Build.0 = Debug|iPhoneSimulator
		{48235C50-2A1C-47C2-A37A-D245B9F93A61}.Debug|x64.ActiveCfg = Debug|iPhone
		{48235C50-2A1C-47C2-A37A-D245B9F93A61}.Debug|x86.ActiveCfg = Debug|iPhone
		{48235C50-2A1C-47C2-A37A-D245B9F93A61}.Release|Any CPU.ActiveCfg = Release|iPhone
		{48235C50-2A1C-47C2-A37A-D245B9F93A61}.Release|ARM.ActiveCfg = Release|iPhone
		{48235C50-2A1C-47C2-A37A-D245B9F93A61}.Release|iPhone.ActiveCfg = Release|iPhone
		{48235C50-2A1C-47C2-A37A-D245B9F93A61}.Release|iPhone.Build.0 = Release|iPhone
		{48235C50-2A1C-47C2-A37A-D245B9F93A61}.Release|iPhoneSimulator.ActiveCfg = Release|iPhoneSimulator
		{48235C50-2A1C-47C2-A37A-D245B9F93A61}.Release|iPhoneSimulator.Build.0 = Release|iPhoneSimulator
		{48235C50-2A1C-47C2-A37A-D245B9F93A61}.Release|x64.ActiveCfg = Release|iPhone
		{48235C50-2A1C-47C2-A37A-D245B9F93A61}.Release|x86.ActiveCfg = Release|iPhone
	EndGlobalSection
	GlobalSection(SolutionProperties) = preSolution
		HideSolutionNode = FALSE
	EndGlobalSection
EndGlobal
